
Microsoft Visual Studio Solution File, Format Version 12.00
# Visual Studio Version 17
VisualStudioVersion = 17.4.32804.182
MinimumVisualStudioVersion = 10.0.40219.1
Project("{FAE04EC0-301F-11D3-BF4B-00C04F79EFBC}") = "MergePdf", "MergePdf\MergePdf.csproj", "{F462736E-54B0-4D96-9A37-9854F63F9F1D}"
EndProject
Project("{FAE04EC0-301F-11D3-BF4B-00C04F79EFBC}") = "MergePdf.Test", "pdf-merge.test\MergePdf.Test.csproj", "{662C48BA-83A8-48C0-9ED4-39ADD743A70B}"
EndProject
Global
	GlobalSection(SolutionConfigurationPlatforms) = preSolution
		Debug|Any CPU = Debug|Any CPU
		Release|Any CPU = Release|Any CPU
	EndGlobalSection
	GlobalSection(ProjectConfigurationPlatforms) = postSolution
		{F462736E-54B0-4D96-9A37-9854F63F9F1D}.Debug|Any CPU.ActiveCfg = Debug|Any CPU
		{F462736E-54B0-4D96-9A37-9854F63F9F1D}.Debug|Any CPU.Build.0 = Debug|Any CPU
		{F462736E-54B0-4D96-9A37-9854F63F9F1D}.Release|Any CPU.ActiveCfg = Release|Any CPU
		{F462736E-54B0-4D96-9A37-9854F63F9F1D}.Release|Any CPU.Build.0 = Release|Any CPU
		{662C48BA-83A8-48C0-9ED4-39ADD743A70B}.Debug|Any CPU.ActiveCfg = Debug|Any CPU
		{662C48BA-83A8-48C0-9ED4-39ADD743A70B}.Debug|Any CPU.Build.0 = Debug|Any CPU
		{662C48BA-83A8-48C0-9ED4-39ADD743A70B}.Release|Any CPU.ActiveCfg = Release|Any CPU
		{662C48BA-83A8-48C0-9ED4-39ADD743A70B}.Release|Any CPU.Build.0 = Release|Any CPU
	EndGlobalSection
	GlobalSection(SolutionProperties) = preSolution
		HideSolutionNode = FALSE
	EndGlobalSection
	GlobalSection(ExtensibilityGlobals) = postSolution
		SolutionGuid = {C45D0F23-6711-4431-ACFE-305D409D4460}
	EndGlobalSection
EndGlobal
